
Microsoft Visual Studio Solution File, Format Version 12.00
# Visual Studio Version 17
VisualStudioVersion = 17.11.35303.130
MinimumVisualStudioVersion = 10.0.40219.1
Project("{FAE04EC0-301F-11D3-BF4B-00C04F79EFBC}") = "VijayA1TipApp", "VijayA1TipApp.csproj", "{C2A68883-2F6F-4F7C-B40E-12EED1FEA2D8}"
EndProject
Global
	GlobalSection(SolutionConfigurationPlatforms) = preSolution
		Debug|Any CPU = Debug|Any CPU
		Release|Any CPU = Release|Any CPU
	EndGlobalSection
	GlobalSection(ProjectConfigurationPlatforms) = postSolution
		{C2A68883-2F6F-4F7C-B40E-12EED1FEA2D8}.Debug|Any CPU.ActiveCfg = Debug|Any CPU
		{C2A68883-2F6F-4F7C-B40E-12EED1FEA2D8}.Debug|Any CPU.Build.0 = Debug|Any CPU
		{C2A68883-2F6F-4F7C-B40E-12EED1FEA2D8}.Release|Any CPU.ActiveCfg = Release|Any CPU
		{C2A68883-2F6F-4F7C-B40E-12EED1FEA2D8}.Release|Any CPU.Build.0 = Release|Any CPU
	EndGlobalSection
	GlobalSection(SolutionProperties) = preSolution
		HideSolutionNode = FALSE
	EndGlobalSection
	GlobalSection(ExtensibilityGlobals) = postSolution
		SolutionGuid = {0BE93B21-F638-478A-9E07-5F7EA3F37C37}
	EndGlobalSection
EndGlobal
